// !$*UTF8*$!
{
	archiveVersion = 1;
	classes = {
	};
	objectVersion = 46;
	objects = {

/* Begin PBXBuildFile section */
		E99708CA206B7E73004DB190 /* AppDelegate.swift in Sources */ = {isa = PBXBuildFile; fileRef = E99708C9206B7E73004DB190 /* AppDelegate.swift */; };
		E99708CC206B7E73004DB190 /* ViewController.swift in Sources */ = {isa = PBXBuildFile; fileRef = E99708CB206B7E73004DB190 /* ViewController.swift */; };
		E99708CF206B7E73004DB190 /* Main.storyboard in Resources */ = {isa = PBXBuildFile; fileRef = E99708CD206B7E73004DB190 /* Main.storyboard */; };
		E99708D1206B7E73004DB190 /* Assets.xcassets in Resources */ = {isa = PBXBuildFile; fileRef = E99708D0206B7E73004DB190 /* Assets.xcassets */; };
		E99708D4206B7E73004DB190 /* LaunchScreen.storyboard in Resources */ = {isa = PBXBuildFile; fileRef = E99708D2206B7E73004DB190 /* LaunchScreen.storyboard */; };
/* End PBXBuildFile section */

/* Begin PBXFileReference section */
		E99708C6206B7E73004DB190 /* Navigation控制器（代码版）.app */ = {isa = PBXFileReference; explicitFileType = wrapper.application; includeInIndex = 0; path = "Navigation控制器（代码版）.app"; sourceTree = BUILT_PRODUCTS_DIR; };
		E99708C9206B7E73004DB190 /* AppDelegate.swift */ = {isa = PBXFileReference; lastKnownFileType = sourcecode.swift; path = AppDelegate.swift; sourceTree = "<group>"; };
		E99708CB206B7E73004DB190 /* ViewController.swift */ = {isa = PBXFileReference; lastKnownFileType = sourcecode.swift; path = ViewController.swift; sourceTree = "<group>"; };
		E99708CE206B7E73004DB190 /* Base */ = {isa = PBXFileReference; lastKnownFileType = file.storyboard; name = Base; path = Base.lproj/Main.storyboard; sourceTree = "<group>"; };
		E99708D0206B7E73004DB190 /* Assets.xcassets */ = {isa = PBXFileReference; lastKnownFileType = folder.assetcatalog; path = Assets.xcassets; sourceTree = "<group>"; };
		E99708D3206B7E73004DB190 /* Base */ = {isa = PBXFileReference; lastKnownFileType = file.storyboard; name = Base; path = Base.lproj/LaunchScreen.storyboard; sourceTree = "<group>"; };
		E99708D5206B7E73004DB190 /* Info.plist */ = {isa = PBXFileReference; lastKnownFileType = text.plist.xml; path = Info.plist; sourceTree = "<group>"; };
/* End PBXFileReference section */

/* Begin PBXFrameworksBuildPhase section */
		E99708C3206B7E73004DB190 /* Frameworks */ = {
			isa = PBXFrameworksBuildPhase;
			buildActionMask = 2147483647;
			files = (
			);
			runOnlyForDeploymentPostprocessing = 0;
		};
/* End PBXFrameworksBuildPhase section */

/* Begin PBXGroup section */
		E99708BD206B7E73004DB190 = {
			isa = PBXGroup;
			children = (
				E99708C8206B7E73004DB190 /* Navigation控制器（代码版） */,
				E99708C7206B7E73004DB190 /* Products */,
			);
			sourceTree = "<group>";
		};
		E99708C7206B7E73004DB190 /* Products */ = {
			isa = PBXGroup;
			children = (
				E99708C6206B7E73004DB190 /* Navigation控制器（代码版）.app */,
			);
			name = Products;
			sourceTree = "<group>";
		};
		E99708C8206B7E73004DB190 /* Navigation控制器（代码版） */ = {
			isa = PBXGroup;
			children = (
				E99708C9206B7E73004DB190 /* AppDelegate.swift */,
				E99708CB206B7E73004DB190 /* ViewController.swift */,
				E99708CD206B7E73004DB190 /* Main.storyboard */,
				E99708D0206B7E73004DB190 /* Assets.xcassets */,
				E99708D2206B7E73004DB190 /* LaunchScreen.storyboard */,
				E99708D5206B7E73004DB190 /* Info.plist */,
			);
			path = "Navigation控制器（代码版）";
			sourceTree = "<group>";
		};
/* End PBXGroup section */

/* Begin PBXNativeTarget section */
		E99708C5206B7E73004DB190 /* Navigation控制器（代码版） */ = {
			isa = PBXNativeTarget;
			buildConfigurationList = E99708D8206B7E73004DB190 /* Build configuration list for PBXNativeTarget "Navigation控制器（代码版）" */;
			buildPhases = (
				E99708C2206B7E73004DB190 /* Sources */,
				E99708C3206B7E73004DB190 /* Frameworks */,
				E99708C4206B7E73004DB190 /* Resources */,
			);
			buildRules = (
			);
			dependencies = (
			);
			name = "Navigation控制器（代码版）";
			productName = "Navigation控制器（代码版）";
			productReference = E99708C6206B7E73004DB190 /* Navigation控制器（代码版）.app */;
			productType = "com.apple.product-type.application";
		};
/* End PBXNativeTarget section */

/* Begin PBXProject section */
		E99708BE206B7E73004DB190 /* Project object */ = {
			isa = PBXProject;
			attributes = {
				LastSwiftUpdateCheck = 0830;
				LastUpgradeCheck = 0830;
				ORGANIZATIONNAME = gdcp;
				TargetAttributes = {
					E99708C5206B7E73004DB190 = {
						CreatedOnToolsVersion = 8.3.3;
						ProvisioningStyle = Automatic;
					};
				};
			};
			buildConfigurationList = E99708C1206B7E73004DB190 /* Build configuration list for PBXProject "Navigation控制器（代码版）" */;
			compatibilityVersion = "Xcode 3.2";
			developmentRegion = English;
			hasScannedForEncodings = 0;
			knownRegions = (
				en,
				Base,
			);
			mainGroup = E99708BD206B7E73004DB190;
			productRefGroup = E99708C7206B7E73004DB190 /* Products */;
			projectDirPath = "";
			projectRoot = "";
			targets = (
				E99708C5206B7E73004DB190 /* Navigation控制器（代码版） */,
			);
		};
/* End PBXProject section */

/* Begin PBXResourcesBuildPhase section */
		E99708C4206B7E73004DB190 /* Resources */ = {
			isa = PBXResourcesBuildPhase;
			buildActionMask = 2147483647;
			files = (
				E99708D4206B7E73004DB190 /* LaunchScreen.storyboard in Resources */,
				E99708D1206B7E73004DB190 /* Assets.xcassets in Resources */,
				E99708CF206B7E73004DB190 /* Main.storyboard in Resources */,
			);
			runOnlyForDeploymentPostprocessing = 0;
		};
/* End PBXResourcesBuildPhase section */

/* Begin PBXSourcesBuildPhase section */
		E99708C2206B7E73004DB190 /* Sources */ = {
			isa = PBXSourcesBuildPhase;
			buildActionMask = 2147483647;
			files = (
				E99708CC206B7E73004DB190 /* ViewController.swift in Sources */,
				E99708CA206B7E73004DB190 /* AppDelegate.swift in Sources */,
			);
			runOnlyForDeploymentPostprocessing = 0;
		};
/* End PBXSourcesBuildPhase section */

/* Begin PBXVariantGroup section */
		E99708CD206B7E73004DB190 /* Main.storyboard */ = {
			isa = PBXVariantGroup;
			children = (
				E99708CE206B7E73004DB190 /* Base */,
			);
			name = Main.storyboard;
			sourceTree = "<group>";
		};
		E99708D2206B7E73004DB190 /* LaunchScreen.storyboard */ = {
			isa = PBXVariantGroup;
			children = (
				E99708D3206B7E73004DB190 /* Base */,
			);
			name = LaunchScreen.storyboard;
			sourceTree = "<group>";
		};
/* End PBXVariantGroup section */

/* Begin XCBuildConfiguration section */
		E99708D6206B7E73004DB190 /* Debug */ = {
			isa = XCBuildConfiguration;
			buildSettings = {
				ALWAYS_SEARCH_USER_PATHS = NO;
				CLANG_ANALYZER_NONNULL = YES;
				CLANG_ANALYZER_NUMBER_OBJECT_CONVERSION = YES_AGGRESSIVE;
				CLANG_CXX_LANGUAGE_STANDARD = "gnu++0x";
				CLANG_CXX_LIBRARY = "libc++";
				CLANG_ENABLE_MODULES = YES;
				CLANG_ENABLE_OBJC_ARC = YES;
				CLANG_WARN_BOOL_CONVERSION = YES;
				CLANG_WARN_CONSTANT_CONVERSION = YES;
				CLANG_WARN_DIRECT_OBJC_ISA_USAGE = YES_ERROR;
				CLANG_WARN_DOCUMENTATION_COMMENTS = YES;
				CLANG_WARN_EMPTY_BODY = YES;
				CLANG_WARN_ENUM_CONVERSION = YES;
				CLANG_WARN_INFINITE_RECURSION = YES;
				CLANG_WARN_INT_CONVERSION = YES;
				CLANG_WARN_OBJC_ROOT_CLASS = YES_ERROR;
				CLANG_WARN_SUSPICIOUS_MOVE = YES;
				CLANG_WARN_UNREACHABLE_CODE = YES;
				CLANG_WARN__DUPLICATE_METHOD_MATCH = YES;
				"CODE_SIGN_IDENTITY[sdk=iphoneos*]" = "iPhone Developer";
				COPY_PHASE_STRIP = NO;
				DEBUG_INFORMATION_FORMAT = dwarf;
				ENABLE_STRICT_OBJC_MSGSEND = YES;
				ENABLE_TESTABILITY = YES;
				GCC_C_LANGUAGE_STANDARD = gnu99;
				GCC_DYNAMIC_NO_PIC = NO;
				GCC_NO_COMMON_BLOCKS = YES;
				GCC_OPTIMIZATION_LEVEL = 0;
				GCC_PREPROCESSOR_DEFINITIONS = (
					"DEBUG=1",
					"$(inherited)",
				);
				GCC_WARN_64_TO_32_BIT_CONVERSION = YES;
				GCC_WARN_ABOUT_RETURN_TYPE = YES_ERROR;
				GCC_WARN_UNDECLARED_SELECTOR = YES;
				GCC_WARN_UNINITIALIZED_AUTOS = YES_AGGRESSIVE;
				GCC_WARN_UNUSED_FUNCTION = YES;
				GCC_WARN_UNUSED_VARIABLE = YES;
				IPHONEOS_DEPLOYMENT_TARGET = 10.3;
				MTL_ENABLE_DEBUG_INFO = YES;
				ONLY_ACTIVE_ARCH = YES;
				SDKROOT = iphoneos;
				SWIFT_ACTIVE_COMPILATION_CONDITIONS = DEBUG;
				SWIFT_OPTIMIZATION_LEVEL = "-Onone";
				TARGETED_DEVICE_FAMILY = "1,2";
			};
			name = Debug;
		};
		E99708D7206B7E73004DB190 /* Release */ = {
			isa = XCBuildConfiguration;
			buildSettings = {
				ALWAYS_SEARCH_USER_PATHS = NO;
				CLANG_ANALYZER_NONNULL = YES;
				CLANG_ANALYZER_NUMBER_OBJECT_CONVERSION = YES_AGGRESSIVE;
				CLANG_CXX_LANGUAGE_STANDARD = "gnu++0x";
				CLANG_CXX_LIBRARY = "libc++";
				CLANG_ENABLE_MODULES = YES;
				CLANG_ENABLE_OBJC_ARC = YES;
				CLANG_WARN_BOOL_CONVERSION = YES;
				CLANG_WARN_CONSTANT_CONVERSION = YES;
				CLANG_WARN_DIRECT_OBJC_ISA_USAGE = YES_ERROR;
				CLANG_WARN_DOCUMENTATION_COMMENTS = YES;
				CLANG_WARN_EMPTY_BODY = YES;
				CLANG_WARN_ENUM_CONVERSION = YES;
				CLANG_WARN_INFINITE_RECURSION = YES;
				CLANG_WARN_INT_CONVERSION = YES;
				CLANG_WARN_OBJC_ROOT_CLASS = YES_ERROR;
				CLANG_WARN_SUSPICIOUS_MOVE = YES;
				CLANG_WARN_UNREACHABLE_CODE = YES;
				CLANG_WARN__DUPLICATE_METHOD_MATCH = YES;
				"CODE_SIGN_IDENTITY[sdk=iphoneos*]" = "iPhone Developer";
				COPY_PHASE_STRIP = NO;
				DEBUG_INFORMATION_FORMAT = "dwarf-with-dsym";
				ENABLE_NS_ASSERTIONS = NO;
				ENABLE_STRICT_OBJC_MSGSEND = YES;
				GCC_C_LANGUAGE_STANDARD = gnu99;
				GCC_NO_COMMON_BLOCKS = YES;
				GCC_WARN_64_TO_32_BIT_CONVERSION = YES;
				GCC_WARN_ABOUT_RETURN_TYPE = YES_ERROR;
				GCC_WARN_UNDECLARED_SELECTOR = YES;
				GCC_WARN_UNINITIALIZED_AUTOS = YES_AGGRESSIVE;
				GCC_WARN_UNUSED_FUNCTION = YES;
				GCC_WARN_UNUSED_VARIABLE = YES;
				IPHONEOS_DEPLOYMENT_TARGET = 10.3;
				MTL_ENABLE_DEBUG_INFO = NO;
				SDKROOT = iphoneos;
				SWIFT_OPTIMIZATION_LEVEL = "-Owholemodule";
				TARGETED_DEVICE_FAMILY = "1,2";
				VALIDATE_PRODUCT = YES;
			};
			name = Release;
		};
		E99708D9206B7E73004DB190 /* Debug */ = {
			isa = XCBuildConfiguration;
			buildSettings = {
				ASSETCATALOG_COMPILER_APPICON_NAME = AppIcon;
				INFOPLIST_FILE = "Navigation控制器（代码版）/Info.plist";
				LD_RUNPATH_SEARCH_PATHS = "$(inherited) @executable_path/Frameworks";
				PRODUCT_BUNDLE_IDENTIFIER = "gdcp.Navigation--------";
				PRODUCT_NAME = "$(TARGET_NAME)";
				SWIFT_VERSION = 3.0;
			};
			name = Debug;
		};
		E99708DA206B7E73004DB190 /* Release */ = {
			isa = XCBuildConfiguration;
			buildSettings = {
				ASSETCATALOG_COMPILER_APPICON_NAME = AppIcon;
				INFOPLIST_FILE = "Navigation控制器（代码版）/Info.plist";
				LD_RUNPATH_SEARCH_PATHS = "$(inherited) @executable_path/Frameworks";
				PRODUCT_BUNDLE_IDENTIFIER = "gdcp.Navigation--------";
				PRODUCT_NAME = "$(TARGET_NAME)";
				SWIFT_VERSION = 3.0;
			};
			name = Release;
		};
/* End XCBuildConfiguration section */

/* Begin XCConfigurationList section */
		E99708C1206B7E73004DB190 /* Build configuration list for PBXProject "Navigation控制器（代码版）" */ = {
			isa = XCConfigurationList;
			buildConfigurations = (
				E99708D6206B7E73004DB190 /* Debug */,
				E99708D7206B7E73004DB190 /* Release */,
			);
			defaultConfigurationIsVisible = 0;
			defaultConfigurationName = Release;
		};
		E99708D8206B7E73004DB190 /* Build configuration list for PBXNativeTarget "Navigation控制器（代码版）" */ = {
			isa = XCConfigurationList;
			buildConfigurations = (
				E99708D9206B7E73004DB190 /* Debug */,
				E99708DA206B7E73004DB190 /* Release */,
			);
			defaultConfigurationIsVisible = 0;
		};
/* End XCConfigurationList section */
	};
	rootObject = E99708BE206B7E73004DB190 /* Project object */;
}
